
Microsoft Visual Studio Solution File, Format Version 12.00
Project("{FAE04EC0-301F-11D3-BF4B-00C04F79EFBC}") = "MinecraftServer", "MinecraftServer\MinecraftServer.csproj", "{14AECE97-5F1A-4289-B62A-7CF827291B43}"
EndProject
Project("{FAE04EC0-301F-11D3-BF4B-00C04F79EFBC}") = "MinecraftServer.Benchmarks", "MinecraftServer.Benchmarks\MinecraftServer.Benchmarks.csproj", "{E727B80D-C774-46AC-A9BA-E29A09903EA6}"
EndProject
Project("{FAE04EC0-301F-11D3-BF4B-00C04F79EFBC}") = "MinecraftServer.SourceGenerators", "MinecraftServer.SourceGenerators\MinecraftServer.SourceGenerators.csproj", "{58D4DF24-FFEC-4948-B8E6-74295CD904CA}"
EndProject
Global
	GlobalSection(SolutionConfigurationPlatforms) = preSolution
		Debug|Any CPU = Debug|Any CPU
		Release|Any CPU = Release|Any CPU
	EndGlobalSection
	GlobalSection(ProjectConfigurationPlatforms) = postSolution
		{14AECE97-5F1A-4289-B62A-7CF827291B43}.Debug|Any CPU.ActiveCfg = Debug|Any CPU
		{14AECE97-5F1A-4289-B62A-7CF827291B43}.Debug|Any CPU.Build.0 = Debug|Any CPU
		{14AECE97-5F1A-4289-B62A-7CF827291B43}.Release|Any CPU.ActiveCfg = Release|Any CPU
		{14AECE97-5F1A-4289-B62A-7CF827291B43}.Release|Any CPU.Build.0 = Release|Any CPU
		{E727B80D-C774-46AC-A9BA-E29A09903EA6}.Debug|Any CPU.ActiveCfg = Debug|Any CPU
		{E727B80D-C774-46AC-A9BA-E29A09903EA6}.Debug|Any CPU.Build.0 = Debug|Any CPU
		{E727B80D-C774-46AC-A9BA-E29A09903EA6}.Release|Any CPU.ActiveCfg = Release|Any CPU
		{E727B80D-C774-46AC-A9BA-E29A09903EA6}.Release|Any CPU.Build.0 = Release|Any CPU
		{58D4DF24-FFEC-4948-B8E6-74295CD904CA}.Debug|Any CPU.ActiveCfg = Debug|Any CPU
		{58D4DF24-FFEC-4948-B8E6-74295CD904CA}.Debug|Any CPU.Build.0 = Debug|Any CPU
		{58D4DF24-FFEC-4948-B8E6-74295CD904CA}.Release|Any CPU.ActiveCfg = Release|Any CPU
		{58D4DF24-FFEC-4948-B8E6-74295CD904CA}.Release|Any CPU.Build.0 = Release|Any CPU
	EndGlobalSection
EndGlobal
